// !$*UTF8*$!
{
	archiveVersion = 1;
	classes = {
	};
	objectVersion = 56;
	objects = {

/* Begin PBXBuildFile section */
		C921AAD32B83A01200CC4FB6 /* CameraApp.swift in Sources */ = {isa = PBXBuildFile; fileRef = C921AAD22B83A01200CC4FB6 /* CameraApp.swift */; };
		C921AAD72B83A01500CC4FB6 /* Assets.xcassets in Resources */ = {isa = PBXBuildFile; fileRef = C921AAD62B83A01500CC4FB6 /* Assets.xcassets */; };
		C921AADA2B83A01500CC4FB6 /* Preview Assets.xcassets in Resources */ = {isa = PBXBuildFile; fileRef = C921AAD92B83A01500CC4FB6 /* Preview Assets.xcassets */; };
		C9510FEB2B8635AE00C30C4A /* ImagePage.swift in Sources */ = {isa = PBXBuildFile; fileRef = C9510FEA2B8635AE00C30C4A /* ImagePage.swift */; };
		C9510FEE2B863A3900C30C4A /* ImageItem.swift in Sources */ = {isa = PBXBuildFile; fileRef = C9510FED2B863A3900C30C4A /* ImageItem.swift */; };
		C9510FF02B863A7300C30C4A /* FullScreenImageView.swift in Sources */ = {isa = PBXBuildFile; fileRef = C9510FEF2B863A7300C30C4A /* FullScreenImageView.swift */; };
		C9E58A362B83ABB300F5E07E /* CameraService.swift in Sources */ = {isa = PBXBuildFile; fileRef = C9E58A352B83ABB300F5E07E /* CameraService.swift */; };
		C9E58A382B83ABC100F5E07E /* PhotoCaptureProcessor.swift in Sources */ = {isa = PBXBuildFile; fileRef = C9E58A372B83ABC100F5E07E /* PhotoCaptureProcessor.swift */; };
		C9E58A3A2B83AC0600F5E07E /* CameraServiceEnums.swift in Sources */ = {isa = PBXBuildFile; fileRef = C9E58A392B83AC0600F5E07E /* CameraServiceEnums.swift */; };
		C9E58A3C2B83AC6000F5E07E /* CameraServiceExtensions.swift in Sources */ = {isa = PBXBuildFile; fileRef = C9E58A3B2B83AC6000F5E07E /* CameraServiceExtensions.swift */; };
		C9E58A3E2B83ACB400F5E07E /* ImageResizer.swift in Sources */ = {isa = PBXBuildFile; fileRef = C9E58A3D2B83ACB400F5E07E /* ImageResizer.swift */; };
		C9E58A402B83AD0900F5E07E /* CameraView.swift in Sources */ = {isa = PBXBuildFile; fileRef = C9E58A3F2B83AD0900F5E07E /* CameraView.swift */; };
		C9E58A442B83AF0800F5E07E /* CameraViewModel.swift in Sources */ = {isa = PBXBuildFile; fileRef = C9E58A432B83AF0800F5E07E /* CameraViewModel.swift */; };
		C9E58A462B83AF6100F5E07E /* CameraPreview.swift in Sources */ = {isa = PBXBuildFile; fileRef = C9E58A452B83AF6100F5E07E /* CameraPreview.swift */; };
/* End PBXBuildFile section */

/* Begin PBXFileReference section */
		C921AACF2B83A01200CC4FB6 /* Camera.app */ = {isa = PBXFileReference; explicitFileType = wrapper.application; includeInIndex = 0; path = Camera.app; sourceTree = BUILT_PRODUCTS_DIR; };
		C921AAD22B83A01200CC4FB6 /* CameraApp.swift */ = {isa = PBXFileReference; lastKnownFileType = sourcecode.swift; path = CameraApp.swift; sourceTree = "<group>"; };
		C921AAD62B83A01500CC4FB6 /* Assets.xcassets */ = {isa = PBXFileReference; lastKnownFileType = folder.assetcatalog; path = Assets.xcassets; sourceTree = "<group>"; };
		C921AAD92B83A01500CC4FB6 /* Preview Assets.xcassets */ = {isa = PBXFileReference; lastKnownFileType = folder.assetcatalog; path = "Preview Assets.xcassets"; sourceTree = "<group>"; };
		C9510FEA2B8635AE00C30C4A /* ImagePage.swift */ = {isa = PBXFileReference; lastKnownFileType = sourcecode.swift; path = ImagePage.swift; sourceTree = "<group>"; };
		C9510FED2B863A3900C30C4A /* ImageItem.swift */ = {isa = PBXFileReference; lastKnownFileType = sourcecode.swift; path = ImageItem.swift; sourceTree = "<group>"; };
		C9510FEF2B863A7300C30C4A /* FullScreenImageView.swift */ = {isa = PBXFileReference; lastKnownFileType = sourcecode.swift; path = FullScreenImageView.swift; sourceTree = "<group>"; };
		C9E58A352B83ABB300F5E07E /* CameraService.swift */ = {isa = PBXFileReference; lastKnownFileType = sourcecode.swift; path = CameraService.swift; sourceTree = "<group>"; };
		C9E58A372B83ABC100F5E07E /* PhotoCaptureProcessor.swift */ = {isa = PBXFileReference; lastKnownFileType = sourcecode.swift; path = PhotoCaptureProcessor.swift; sourceTree = "<group>"; };
		C9E58A392B83AC0600F5E07E /* CameraServiceEnums.swift */ = {isa = PBXFileReference; lastKnownFileType = sourcecode.swift; path = CameraServiceEnums.swift; sourceTree = "<group>"; };
		C9E58A3B2B83AC6000F5E07E /* CameraServiceExtensions.swift */ = {isa = PBXFileReference; lastKnownFileType = sourcecode.swift; path = CameraServiceExtensions.swift; sourceTree = "<group>"; };
		C9E58A3D2B83ACB400F5E07E /* ImageResizer.swift */ = {isa = PBXFileReference; lastKnownFileType = sourcecode.swift; path = ImageResizer.swift; sourceTree = "<group>"; };
		C9E58A3F2B83AD0900F5E07E /* CameraView.swift */ = {isa = PBXFileReference; lastKnownFileType = sourcecode.swift; path = CameraView.swift; sourceTree = "<group>"; };
		C9E58A432B83AF0800F5E07E /* CameraViewModel.swift */ = {isa = PBXFileReference; lastKnownFileType = sourcecode.swift; path = CameraViewModel.swift; sourceTree = "<group>"; };
		C9E58A452B83AF6100F5E07E /* CameraPreview.swift */ = {isa = PBXFileReference; lastKnownFileType = sourcecode.swift; path = CameraPreview.swift; sourceTree = "<group>"; };
/* End PBXFileReference section */

/* Begin PBXFrameworksBuildPhase section */
		C921AACC2B83A01200CC4FB6 /* Frameworks */ = {
			isa = PBXFrameworksBuildPhase;
			buildActionMask = 2147483647;
			files = (
			);
			runOnlyForDeploymentPostprocessing = 0;
		};
/* End PBXFrameworksBuildPhase section */

/* Begin PBXGroup section */
		C921AAC62B83A01200CC4FB6 = {
			isa = PBXGroup;
			children = (
				C921AAD12B83A01200CC4FB6 /* Camera */,
				C921AAD02B83A01200CC4FB6 /* Products */,
			);
			sourceTree = "<group>";
		};
		C921AAD02B83A01200CC4FB6 /* Products */ = {
			isa = PBXGroup;
			children = (
				C921AACF2B83A01200CC4FB6 /* Camera.app */,
			);
			name = Products;
			sourceTree = "<group>";
		};
		C921AAD12B83A01200CC4FB6 /* Camera */ = {
			isa = PBXGroup;
			children = (
				C921AAE42B83A4AD00CC4FB6 /* Services */,
				C921AAE02B83A44500CC4FB6 /* Camera */,
				C921AAD22B83A01200CC4FB6 /* CameraApp.swift */,
				C921AAD62B83A01500CC4FB6 /* Assets.xcassets */,
				C921AAD82B83A01500CC4FB6 /* Preview Content */,
			);
			path = Camera;
			sourceTree = "<group>";
		};
		C921AAD82B83A01500CC4FB6 /* Preview Content */ = {
			isa = PBXGroup;
			children = (
				C921AAD92B83A01500CC4FB6 /* Preview Assets.xcassets */,
			);
			path = "Preview Content";
			sourceTree = "<group>";
		};
		C921AAE02B83A44500CC4FB6 /* Camera */ = {
			isa = PBXGroup;
			children = (
				C9510FEC2B863A2800C30C4A /* Model */,
				C921AAE12B83A45200CC4FB6 /* View */,
				C921AAE22B83A45800CC4FB6 /* ViewModel */,
			);
			path = Camera;
			sourceTree = "<group>";
		};
		C921AAE12B83A45200CC4FB6 /* View */ = {
			isa = PBXGroup;
			children = (
				C9E58A3F2B83AD0900F5E07E /* CameraView.swift */,
				C9E58A452B83AF6100F5E07E /* CameraPreview.swift */,
				C9510FEA2B8635AE00C30C4A /* ImagePage.swift */,
				C9510FEF2B863A7300C30C4A /* FullScreenImageView.swift */,
			);
			path = View;
			sourceTree = "<group>";
		};
		C921AAE22B83A45800CC4FB6 /* ViewModel */ = {
			isa = PBXGroup;
			children = (
				C9E58A432B83AF0800F5E07E /* CameraViewModel.swift */,
			);
			path = ViewModel;
			sourceTree = "<group>";
		};
		C921AAE42B83A4AD00CC4FB6 /* Services */ = {
			isa = PBXGroup;
			children = (
				C9E58A352B83ABB300F5E07E /* CameraService.swift */,
				C9E58A3B2B83AC6000F5E07E /* CameraServiceExtensions.swift */,
				C9E58A3D2B83ACB400F5E07E /* ImageResizer.swift */,
				C9E58A392B83AC0600F5E07E /* CameraServiceEnums.swift */,
				C9E58A372B83ABC100F5E07E /* PhotoCaptureProcessor.swift */,
			);
			path = Services;
			sourceTree = "<group>";
		};
		C9510FEC2B863A2800C30C4A /* Model */ = {
			isa = PBXGroup;
			children = (
				C9510FED2B863A3900C30C4A /* ImageItem.swift */,
			);
			path = Model;
			sourceTree = "<group>";
		};
/* End PBXGroup section */

/* Begin PBXNativeTarget section */
		C921AACE2B83A01200CC4FB6 /* Camera */ = {
			isa = PBXNativeTarget;
			buildConfigurationList = C921AADD2B83A01500CC4FB6 /* Build configuration list for PBXNativeTarget "Camera" */;
			buildPhases = (
				C921AACB2B83A01200CC4FB6 /* Sources */,
				C921AACC2B83A01200CC4FB6 /* Frameworks */,
				C921AACD2B83A01200CC4FB6 /* Resources */,
			);
			buildRules = (
			);
			dependencies = (
			);
			name = Camera;
			productName = Camera;
			productReference = C921AACF2B83A01200CC4FB6 /* Camera.app */;
			productType = "com.apple.product-type.application";
		};
/* End PBXNativeTarget section */

/* Begin PBXProject section */
		C921AAC72B83A01200CC4FB6 /* Project object */ = {
			isa = PBXProject;
			attributes = {
				BuildIndependentTargetsInParallel = 1;
				LastSwiftUpdateCheck = 1520;
				LastUpgradeCheck = 1520;
				TargetAttributes = {
					C921AACE2B83A01200CC4FB6 = {
						CreatedOnToolsVersion = 15.2;
					};
				};
			};
			buildConfigurationList = C921AACA2B83A01200CC4FB6 /* Build configuration list for PBXProject "Camera" */;
			compatibilityVersion = "Xcode 14.0";
			developmentRegion = en;
			hasScannedForEncodings = 0;
			knownRegions = (
				en,
				Base,
			);
			mainGroup = C921AAC62B83A01200CC4FB6;
			productRefGroup = C921AAD02B83A01200CC4FB6 /* Products */;
			projectDirPath = "";
			projectRoot = "";
			targets = (
				C921AACE2B83A01200CC4FB6 /* Camera */,
			);
		};
/* End PBXProject section */

/* Begin PBXResourcesBuildPhase section */
		C921AACD2B83A01200CC4FB6 /* Resources */ = {
			isa = PBXResourcesBuildPhase;
			buildActionMask = 2147483647;
			files = (
				C921AADA2B83A01500CC4FB6 /* Preview Assets.xcassets in Resources */,
				C921AAD72B83A01500CC4FB6 /* Assets.xcassets in Resources */,
			);
			runOnlyForDeploymentPostprocessing = 0;
		};
/* End PBXResourcesBuildPhase section */

/* Begin PBXSourcesBuildPhase section */
		C921AACB2B83A01200CC4FB6 /* Sources */ = {
			isa = PBXSourcesBuildPhase;
			buildActionMask = 2147483647;
			files = (
				C9510FEB2B8635AE00C30C4A /* ImagePage.swift in Sources */,
				C9E58A362B83ABB300F5E07E /* CameraService.swift in Sources */,
				C9E58A382B83ABC100F5E07E /* PhotoCaptureProcessor.swift in Sources */,
				C9E58A402B83AD0900F5E07E /* CameraView.swift in Sources */,
				C921AAD32B83A01200CC4FB6 /* CameraApp.swift in Sources */,
				C9E58A462B83AF6100F5E07E /* CameraPreview.swift in Sources */,
				C9510FEE2B863A3900C30C4A /* ImageItem.swift in Sources */,
				C9E58A442B83AF0800F5E07E /* CameraViewModel.swift in Sources */,
				C9E58A3A2B83AC0600F5E07E /* CameraServiceEnums.swift in Sources */,
				C9510FF02B863A7300C30C4A /* FullScreenImageView.swift in Sources */,
				C9E58A3C2B83AC6000F5E07E /* CameraServiceExtensions.swift in Sources */,
				C9E58A3E2B83ACB400F5E07E /* ImageResizer.swift in Sources */,
			);
			runOnlyForDeploymentPostprocessing = 0;
		};
/* End PBXSourcesBuildPhase section */

/* Begin XCBuildConfiguration section */
		C921AADB2B83A01500CC4FB6 /* Debug */ = {
			isa = XCBuildConfiguration;
			buildSettings = {
				ALWAYS_SEARCH_USER_PATHS = NO;
				ASSETCATALOG_COMPILER_GENERATE_SWIFT_ASSET_SYMBOL_EXTENSIONS = YES;
				CLANG_ANALYZER_NONNULL = YES;
				CLANG_ANALYZER_NUMBER_OBJECT_CONVERSION = YES_AGGRESSIVE;
				CLANG_CXX_LANGUAGE_STANDARD = "gnu++20";
				CLANG_ENABLE_MODULES = YES;
				CLANG_ENABLE_OBJC_ARC = YES;
				CLANG_ENABLE_OBJC_WEAK = YES;
				CLANG_WARN_BLOCK_CAPTURE_AUTORELEASING = YES;
				CLANG_WARN_BOOL_CONVERSION = YES;
				CLANG_WARN_COMMA = YES;
				CLANG_WARN_CONSTANT_CONVERSION = YES;
				CLANG_WARN_DEPRECATED_OBJC_IMPLEMENTATIONS = YES;
				CLANG_WARN_DIRECT_OBJC_ISA_USAGE = YES_ERROR;
				CLANG_WARN_DOCUMENTATION_COMMENTS = YES;
				CLANG_WARN_EMPTY_BODY = YES;
				CLANG_WARN_ENUM_CONVERSION = YES;
				CLANG_WARN_INFINITE_RECURSION = YES;
				CLANG_WARN_INT_CONVERSION = YES;
				CLANG_WARN_NON_LITERAL_NULL_CONVERSION = YES;
				CLANG_WARN_OBJC_IMPLICIT_RETAIN_SELF = YES;
				CLANG_WARN_OBJC_LITERAL_CONVERSION = YES;
				CLANG_WARN_OBJC_ROOT_CLASS = YES_ERROR;
				CLANG_WARN_QUOTED_INCLUDE_IN_FRAMEWORK_HEADER = YES;
				CLANG_WARN_RANGE_LOOP_ANALYSIS = YES;
				CLANG_WARN_STRICT_PROTOTYPES = YES;
				CLANG_WARN_SUSPICIOUS_MOVE = YES;
				CLANG_WARN_UNGUARDED_AVAILABILITY = YES_AGGRESSIVE;
				CLANG_WARN_UNREACHABLE_CODE = YES;
				CLANG_WARN__DUPLICATE_METHOD_MATCH = YES;
				COPY_PHASE_STRIP = NO;
				DEBUG_INFORMATION_FORMAT = dwarf;
				ENABLE_STRICT_OBJC_MSGSEND = YES;
				ENABLE_TESTABILITY = YES;
				ENABLE_USER_SCRIPT_SANDBOXING = YES;
				GCC_C_LANGUAGE_STANDARD = gnu17;
				GCC_DYNAMIC_NO_PIC = NO;
				GCC_NO_COMMON_BLOCKS = YES;
				GCC_OPTIMIZATION_LEVEL = 0;
				GCC_PREPROCESSOR_DEFINITIONS = (
					"DEBUG=1",
					"$(inherited)",
				);
				GCC_WARN_64_TO_32_BIT_CONVERSION = YES;
				GCC_WARN_ABOUT_RETURN_TYPE = YES_ERROR;
				GCC_WARN_UNDECLARED_SELECTOR = YES;
				GCC_WARN_UNINITIALIZED_AUTOS = YES_AGGRESSIVE;
				GCC_WARN_UNUSED_FUNCTION = YES;
				GCC_WARN_UNUSED_VARIABLE = YES;
				IPHONEOS_DEPLOYMENT_TARGET = 17.2;
				LOCALIZATION_PREFERS_STRING_CATALOGS = YES;
				MTL_ENABLE_DEBUG_INFO = INCLUDE_SOURCE;
				MTL_FAST_MATH = YES;
				ONLY_ACTIVE_ARCH = YES;
				SDKROOT = iphoneos;
				SWIFT_ACTIVE_COMPILATION_CONDITIONS = "DEBUG $(inherited)";
				SWIFT_OPTIMIZATION_LEVEL = "-Onone";
			};
			name = Debug;
		};
		C921AADC2B83A01500CC4FB6 /* Release */ = {
			isa = XCBuildConfiguration;
			buildSettings = {
				ALWAYS_SEARCH_USER_PATHS = NO;
				ASSETCATALOG_COMPILER_GENERATE_SWIFT_ASSET_SYMBOL_EXTENSIONS = YES;
				CLANG_ANALYZER_NONNULL = YES;
				CLANG_ANALYZER_NUMBER_OBJECT_CONVERSION = YES_AGGRESSIVE;
				CLANG_CXX_LANGUAGE_STANDARD = "gnu++20";
				CLANG_ENABLE_MODULES = YES;
				CLANG_ENABLE_OBJC_ARC = YES;
				CLANG_ENABLE_OBJC_WEAK = YES;
				CLANG_WARN_BLOCK_CAPTURE_AUTORELEASING = YES;
				CLANG_WARN_BOOL_CONVERSION = YES;
				CLANG_WARN_COMMA = YES;
				CLANG_WARN_CONSTANT_CONVERSION = YES;
				CLANG_WARN_DEPRECATED_OBJC_IMPLEMENTATIONS = YES;
				CLANG_WARN_DIRECT_OBJC_ISA_USAGE = YES_ERROR;
				CLANG_WARN_DOCUMENTATION_COMMENTS = YES;
				CLANG_WARN_EMPTY_BODY = YES;
				CLANG_WARN_ENUM_CONVERSION = YES;
				CLANG_WARN_INFINITE_RECURSION = YES;
				CLANG_WARN_INT_CONVERSION = YES;
				CLANG_WARN_NON_LITERAL_NULL_CONVERSION = YES;
				CLANG_WARN_OBJC_IMPLICIT_RETAIN_SELF = YES;
				CLANG_WARN_OBJC_LITERAL_CONVERSION = YES;
				CLANG_WARN_OBJC_ROOT_CLASS = YES_ERROR;
				CLANG_WARN_QUOTED_INCLUDE_IN_FRAMEWORK_HEADER = YES;
				CLANG_WARN_RANGE_LOOP_ANALYSIS = YES;
				CLANG_WARN_STRICT_PROTOTYPES = YES;
				CLANG_WARN_SUSPICIOUS_MOVE = YES;
				CLANG_WARN_UNGUARDED_AVAILABILITY = YES_AGGRESSIVE;
				CLANG_WARN_UNREACHABLE_CODE = YES;
				CLANG_WARN__DUPLICATE_METHOD_MATCH = YES;
				COPY_PHASE_STRIP = NO;
				DEBUG_INFORMATION_FORMAT = "dwarf-with-dsym";
				ENABLE_NS_ASSERTIONS = NO;
				ENABLE_STRICT_OBJC_MSGSEND = YES;
				ENABLE_USER_SCRIPT_SANDBOXING = YES;
				GCC_C_LANGUAGE_STANDARD = gnu17;
				GCC_NO_COMMON_BLOCKS = YES;
				GCC_WARN_64_TO_32_BIT_CONVERSION = YES;
				GCC_WARN_ABOUT_RETURN_TYPE = YES_ERROR;
				GCC_WARN_UNDECLARED_SELECTOR = YES;
				GCC_WARN_UNINITIALIZED_AUTOS = YES_AGGRESSIVE;
				GCC_WARN_UNUSED_FUNCTION = YES;
				GCC_WARN_UNUSED_VARIABLE = YES;
				IPHONEOS_DEPLOYMENT_TARGET = 17.2;
				LOCALIZATION_PREFERS_STRING_CATALOGS = YES;
				MTL_ENABLE_DEBUG_INFO = NO;
				MTL_FAST_MATH = YES;
				SDKROOT = iphoneos;
				SWIFT_COMPILATION_MODE = wholemodule;
				VALIDATE_PRODUCT = YES;
			};
			name = Release;
		};
		C921AADE2B83A01500CC4FB6 /* Debug */ = {
			isa = XCBuildConfiguration;
			buildSettings = {
				ASSETCATALOG_COMPILER_APPICON_NAME = AppIcon;
				ASSETCATALOG_COMPILER_GLOBAL_ACCENT_COLOR_NAME = AccentColor;
				CODE_SIGN_STYLE = Automatic;
				CURRENT_PROJECT_VERSION = 1;
				DEVELOPMENT_ASSET_PATHS = "\"Camera/Preview Content\"";
				ENABLE_PREVIEWS = YES;
				GENERATE_INFOPLIST_FILE = YES;
				INFOPLIST_KEY_NSCameraUsageDescription = "Camera needs access to your camera to capture photo and video";
				INFOPLIST_KEY_NSPhotoLibraryUsageDescription = "Camera captures photos and saves them into your photo library";
				INFOPLIST_KEY_UIApplicationSceneManifest_Generation = YES;
				INFOPLIST_KEY_UIApplicationSupportsIndirectInputEvents = YES;
				INFOPLIST_KEY_UILaunchScreen_Generation = YES;
				INFOPLIST_KEY_UISupportedInterfaceOrientations_iPad = "UIInterfaceOrientationPortrait UIInterfaceOrientationPortraitUpsideDown UIInterfaceOrientationLandscapeLeft UIInterfaceOrientationLandscapeRight";
				INFOPLIST_KEY_UISupportedInterfaceOrientations_iPhone = "UIInterfaceOrientationPortrait UIInterfaceOrientationLandscapeLeft UIInterfaceOrientationLandscapeRight";
				LD_RUNPATH_SEARCH_PATHS = (
					"$(inherited)",
					"@executable_path/Frameworks",
				);
				MARKETING_VERSION = 1.0;
				PRODUCT_BUNDLE_IDENTIFIER = com.smk.Camera;
				PRODUCT_NAME = "$(TARGET_NAME)";
				SWIFT_EMIT_LOC_STRINGS = YES;
				SWIFT_VERSION = 5.0;
				TARGETED_DEVICE_FAMILY = "1,2";
			};
			name = Debug;
		};
		C921AADF2B83A01500CC4FB6 /* Release */ = {
			isa = XCBuildConfiguration;
			buildSettings = {
				ASSETCATALOG_COMPILER_APPICON_NAME = AppIcon;
				ASSETCATALOG_COMPILER_GLOBAL_ACCENT_COLOR_NAME = AccentColor;
				CODE_SIGN_STYLE = Automatic;
				CURRENT_PROJECT_VERSION = 1;
				DEVELOPMENT_ASSET_PATHS = "\"Camera/Preview Content\"";
				ENABLE_PREVIEWS = YES;
				GENERATE_INFOPLIST_FILE = YES;
				INFOPLIST_KEY_NSCameraUsageDescription = "Camera needs access to your camera to capture photo and video";
				INFOPLIST_KEY_NSPhotoLibraryUsageDescription = "Camera captures photos and saves them into your photo library";
				INFOPLIST_KEY_UIApplicationSceneManifest_Generation = YES;
				INFOPLIST_KEY_UIApplicationSupportsIndirectInputEvents = YES;
				INFOPLIST_KEY_UILaunchScreen_Generation = YES;
				INFOPLIST_KEY_UISupportedInterfaceOrientations_iPad = "UIInterfaceOrientationPortrait UIInterfaceOrientationPortraitUpsideDown UIInterfaceOrientationLandscapeLeft UIInterfaceOrientationLandscapeRight";
				INFOPLIST_KEY_UISupportedInterfaceOrientations_iPhone = "UIInterfaceOrientationPortrait UIInterfaceOrientationLandscapeLeft UIInterfaceOrientationLandscapeRight";
				LD_RUNPATH_SEARCH_PATHS = (
					"$(inherited)",
					"@executable_path/Frameworks",
				);
				MARKETING_VERSION = 1.0;
				PRODUCT_BUNDLE_IDENTIFIER = com.smk.Camera;
				PRODUCT_NAME = "$(TARGET_NAME)";
				SWIFT_EMIT_LOC_STRINGS = YES;
				SWIFT_VERSION = 5.0;
				TARGETED_DEVICE_FAMILY = "1,2";
			};
			name = Release;
		};
/* End XCBuildConfiguration section */

/* Begin XCConfigurationList section */
		C921AACA2B83A01200CC4FB6 /* Build configuration list for PBXProject "Camera" */ = {
			isa = XCConfigurationList;
			buildConfigurations = (
				C921AADB2B83A01500CC4FB6 /* Debug */,
				C921AADC2B83A01500CC4FB6 /* Release */,
			);
			defaultConfigurationIsVisible = 0;
			defaultConfigurationName = Release;
		};
		C921AADD2B83A01500CC4FB6 /* Build configuration list for PBXNativeTarget "Camera" */ = {
			isa = XCConfigurationList;
			buildConfigurations = (
				C921AADE2B83A01500CC4FB6 /* Debug */,
				C921AADF2B83A01500CC4FB6 /* Release */,
			);
			defaultConfigurationIsVisible = 0;
			defaultConfigurationName = Release;
		};
/* End XCConfigurationList section */
	};
	rootObject = C921AAC72B83A01200CC4FB6 /* Project object */;
}
